// !$*UTF8*$!
{
	archiveVersion = 1;
	classes = {
	};
	objectVersion = 56;
	objects = {

/* Begin PBXBuildFile section */
		40108C7F292D7CE300DE640D /* CommentsView.swift in Sources */ = {isa = PBXBuildFile; fileRef = 40108C7E292D7CE300DE640D /* CommentsView.swift */; };
		40108C81292D803300DE640D /* MessageView.swift in Sources */ = {isa = PBXBuildFile; fileRef = 40108C80292D803300DE640D /* MessageView.swift */; };
		40108C83292D817600DE640D /* CommentModel.swift in Sources */ = {isa = PBXBuildFile; fileRef = 40108C82292D817600DE640D /* CommentModel.swift */; };
		40108C85292D8A5A00DE640D /* BrowseView.swift in Sources */ = {isa = PBXBuildFile; fileRef = 40108C84292D8A5A00DE640D /* BrowseView.swift */; };
		40108C87292D8B5700DE640D /* CarouselView.swift in Sources */ = {isa = PBXBuildFile; fileRef = 40108C86292D8B5700DE640D /* CarouselView.swift */; };
		40124D3D293680E800269DDF /* SettingsView.swift in Sources */ = {isa = PBXBuildFile; fileRef = 40124D3C293680E800269DDF /* SettingsView.swift */; };
		40124D3F293684A300269DDF /* SettingsLabelView.swift in Sources */ = {isa = PBXBuildFile; fileRef = 40124D3E293684A300269DDF /* SettingsLabelView.swift */; };
		40124D41293688AE00269DDF /* SettingsRowView.swift in Sources */ = {isa = PBXBuildFile; fileRef = 40124D40293688AE00269DDF /* SettingsRowView.swift */; };
		40124D4329368F9C00269DDF /* SettingsEditTextView.swift in Sources */ = {isa = PBXBuildFile; fileRef = 40124D4229368F9C00269DDF /* SettingsEditTextView.swift */; };
		40124D452936955600269DDF /* SettingsEditImageView.swift in Sources */ = {isa = PBXBuildFile; fileRef = 40124D442936955600269DDF /* SettingsEditImageView.swift */; };
		40124D4729369DC900269DDF /* SignUpView.swift in Sources */ = {isa = PBXBuildFile; fileRef = 40124D4629369DC900269DDF /* SignUpView.swift */; };
		40124D492936A52000269DDF /* OnboardingView.swift in Sources */ = {isa = PBXBuildFile; fileRef = 40124D482936A52000269DDF /* OnboardingView.swift */; };
		40124D4B2936A72B00269DDF /* SignInWithAppleButtonCustom.swift in Sources */ = {isa = PBXBuildFile; fileRef = 40124D4A2936A72B00269DDF /* SignInWithAppleButtonCustom.swift */; };
		40124D4D2936A9D900269DDF /* OnboardingViewPart2.swift in Sources */ = {isa = PBXBuildFile; fileRef = 40124D4C2936A9D900269DDF /* OnboardingViewPart2.swift */; };
		40124D4F2936AF6D00269DDF /* LikeAnimationView.swift in Sources */ = {isa = PBXBuildFile; fileRef = 40124D4E2936AF6D00269DDF /* LikeAnimationView.swift */; };
		4018A70D2933BCF200A2573B /* ImageGridView.swift in Sources */ = {isa = PBXBuildFile; fileRef = 4018A70C2933BCF200A2573B /* ImageGridView.swift */; };
		4018A70F2933C60F00A2573B /* UploadView.swift in Sources */ = {isa = PBXBuildFile; fileRef = 4018A70E2933C60F00A2573B /* UploadView.swift */; };
		4018A7112933F43B00A2573B /* ImagePicker.swift in Sources */ = {isa = PBXBuildFile; fileRef = 4018A7102933F43B00A2573B /* ImagePicker.swift */; };
		4018A7142933FF2700A2573B /* PostImageView.swift in Sources */ = {isa = PBXBuildFile; fileRef = 4018A7132933FF2700A2573B /* PostImageView.swift */; };
		4018A7162934091700A2573B /* ProfileView.swift in Sources */ = {isa = PBXBuildFile; fileRef = 4018A7152934091700A2573B /* ProfileView.swift */; };
		4018A71A29340CB700A2573B /* ProfileHeaderView.swift in Sources */ = {isa = PBXBuildFile; fileRef = 4018A71929340CB700A2573B /* ProfileHeaderView.swift */; };
		40D67648292AAFD8001B3183 /* iGramApp.swift in Sources */ = {isa = PBXBuildFile; fileRef = 40D67647292AAFD8001B3183 /* iGramApp.swift */; };
		40D6764A292AAFD8001B3183 /* ContentView.swift in Sources */ = {isa = PBXBuildFile; fileRef = 40D67649292AAFD8001B3183 /* ContentView.swift */; };
		40D6764C292AAFD9001B3183 /* Assets.xcassets in Resources */ = {isa = PBXBuildFile; fileRef = 40D6764B292AAFD9001B3183 /* Assets.xcassets */; };
		40D6764F292AAFD9001B3183 /* Preview Assets.xcassets in Resources */ = {isa = PBXBuildFile; fileRef = 40D6764E292AAFD9001B3183 /* Preview Assets.xcassets */; };
		40D67656292AB6AB001B3183 /* LaunchScreen.storyboard in Resources */ = {isa = PBXBuildFile; fileRef = 40D67655292AB6AB001B3183 /* LaunchScreen.storyboard */; };
		40D6765C292ABCB0001B3183 /* Extensions.swift in Sources */ = {isa = PBXBuildFile; fileRef = 40D6765B292ABCB0001B3183 /* Extensions.swift */; };
		40D6765E292AC15D001B3183 /* FeedView.swift in Sources */ = {isa = PBXBuildFile; fileRef = 40D6765D292AC15D001B3183 /* FeedView.swift */; };
		40D67660292AC261001B3183 /* PostView.swift in Sources */ = {isa = PBXBuildFile; fileRef = 40D6765F292AC261001B3183 /* PostView.swift */; };
		40D67663292AC72C001B3183 /* PostModel.swift in Sources */ = {isa = PBXBuildFile; fileRef = 40D67662292AC72C001B3183 /* PostModel.swift */; };
		40D67665292ACBD6001B3183 /* PostArrayObject.swift in Sources */ = {isa = PBXBuildFile; fileRef = 40D67664292ACBD6001B3183 /* PostArrayObject.swift */; };
/* End PBXBuildFile section */

/* Begin PBXFileReference section */
		40108C7E292D7CE300DE640D /* CommentsView.swift */ = {isa = PBXFileReference; lastKnownFileType = sourcecode.swift; path = CommentsView.swift; sourceTree = "<group>"; };
		40108C80292D803300DE640D /* MessageView.swift */ = {isa = PBXFileReference; lastKnownFileType = sourcecode.swift; path = MessageView.swift; sourceTree = "<group>"; };
		40108C82292D817600DE640D /* CommentModel.swift */ = {isa = PBXFileReference; lastKnownFileType = sourcecode.swift; path = CommentModel.swift; sourceTree = "<group>"; };
		40108C84292D8A5A00DE640D /* BrowseView.swift */ = {isa = PBXFileReference; lastKnownFileType = sourcecode.swift; path = BrowseView.swift; sourceTree = "<group>"; };
		40108C86292D8B5700DE640D /* CarouselView.swift */ = {isa = PBXFileReference; lastKnownFileType = sourcecode.swift; path = CarouselView.swift; sourceTree = "<group>"; };
		40124D3C293680E800269DDF /* SettingsView.swift */ = {isa = PBXFileReference; lastKnownFileType = sourcecode.swift; path = SettingsView.swift; sourceTree = "<group>"; };
		40124D3E293684A300269DDF /* SettingsLabelView.swift */ = {isa = PBXFileReference; lastKnownFileType = sourcecode.swift; path = SettingsLabelView.swift; sourceTree = "<group>"; };
		40124D40293688AE00269DDF /* SettingsRowView.swift */ = {isa = PBXFileReference; lastKnownFileType = sourcecode.swift; path = SettingsRowView.swift; sourceTree = "<group>"; };
		40124D4229368F9C00269DDF /* SettingsEditTextView.swift */ = {isa = PBXFileReference; lastKnownFileType = sourcecode.swift; path = SettingsEditTextView.swift; sourceTree = "<group>"; };
		40124D442936955600269DDF /* SettingsEditImageView.swift */ = {isa = PBXFileReference; lastKnownFileType = sourcecode.swift; path = SettingsEditImageView.swift; sourceTree = "<group>"; };
		40124D4629369DC900269DDF /* SignUpView.swift */ = {isa = PBXFileReference; lastKnownFileType = sourcecode.swift; path = SignUpView.swift; sourceTree = "<group>"; };
		40124D482936A52000269DDF /* OnboardingView.swift */ = {isa = PBXFileReference; lastKnownFileType = sourcecode.swift; path = OnboardingView.swift; sourceTree = "<group>"; };
		40124D4A2936A72B00269DDF /* SignInWithAppleButtonCustom.swift */ = {isa = PBXFileReference; lastKnownFileType = sourcecode.swift; path = SignInWithAppleButtonCustom.swift; sourceTree = "<group>"; };
		40124D4C2936A9D900269DDF /* OnboardingViewPart2.swift */ = {isa = PBXFileReference; lastKnownFileType = sourcecode.swift; path = OnboardingViewPart2.swift; sourceTree = "<group>"; };
		40124D4E2936AF6D00269DDF /* LikeAnimationView.swift */ = {isa = PBXFileReference; lastKnownFileType = sourcecode.swift; path = LikeAnimationView.swift; sourceTree = "<group>"; };
		4018A70C2933BCF200A2573B /* ImageGridView.swift */ = {isa = PBXFileReference; lastKnownFileType = sourcecode.swift; path = ImageGridView.swift; sourceTree = "<group>"; };
		4018A70E2933C60F00A2573B /* UploadView.swift */ = {isa = PBXFileReference; lastKnownFileType = sourcecode.swift; path = UploadView.swift; sourceTree = "<group>"; };
		4018A7102933F43B00A2573B /* ImagePicker.swift */ = {isa = PBXFileReference; lastKnownFileType = sourcecode.swift; path = ImagePicker.swift; sourceTree = "<group>"; };
		4018A7122933FA8600A2573B /* Info.plist */ = {isa = PBXFileReference; lastKnownFileType = text.plist; path = Info.plist; sourceTree = "<group>"; };
		4018A7132933FF2700A2573B /* PostImageView.swift */ = {isa = PBXFileReference; lastKnownFileType = sourcecode.swift; path = PostImageView.swift; sourceTree = "<group>"; };
		4018A7152934091700A2573B /* ProfileView.swift */ = {isa = PBXFileReference; lastKnownFileType = sourcecode.swift; path = ProfileView.swift; sourceTree = "<group>"; };
		4018A71929340CB700A2573B /* ProfileHeaderView.swift */ = {isa = PBXFileReference; lastKnownFileType = sourcecode.swift; path = ProfileHeaderView.swift; sourceTree = "<group>"; };
		40D67644292AAFD8001B3183 /* iGram.app */ = {isa = PBXFileReference; explicitFileType = wrapper.application; includeInIndex = 0; path = iGram.app; sourceTree = BUILT_PRODUCTS_DIR; };
		40D67647292AAFD8001B3183 /* iGramApp.swift */ = {isa = PBXFileReference; lastKnownFileType = sourcecode.swift; path = iGramApp.swift; sourceTree = "<group>"; };
		40D67649292AAFD8001B3183 /* ContentView.swift */ = {isa = PBXFileReference; lastKnownFileType = sourcecode.swift; path = ContentView.swift; sourceTree = "<group>"; };
		40D6764B292AAFD9001B3183 /* Assets.xcassets */ = {isa = PBXFileReference; lastKnownFileType = folder.assetcatalog; path = Assets.xcassets; sourceTree = "<group>"; };
		40D6764E292AAFD9001B3183 /* Preview Assets.xcassets */ = {isa = PBXFileReference; lastKnownFileType = folder.assetcatalog; path = "Preview Assets.xcassets"; sourceTree = "<group>"; };
		40D67655292AB6AB001B3183 /* LaunchScreen.storyboard */ = {isa = PBXFileReference; lastKnownFileType = file.storyboard; path = LaunchScreen.storyboard; sourceTree = "<group>"; };
		40D6765B292ABCB0001B3183 /* Extensions.swift */ = {isa = PBXFileReference; lastKnownFileType = sourcecode.swift; path = Extensions.swift; sourceTree = "<group>"; };
		40D6765D292AC15D001B3183 /* FeedView.swift */ = {isa = PBXFileReference; lastKnownFileType = sourcecode.swift; path = FeedView.swift; sourceTree = "<group>"; };
		40D6765F292AC261001B3183 /* PostView.swift */ = {isa = PBXFileReference; lastKnownFileType = sourcecode.swift; path = PostView.swift; sourceTree = "<group>"; };
		40D67662292AC72C001B3183 /* PostModel.swift */ = {isa = PBXFileReference; lastKnownFileType = sourcecode.swift; path = PostModel.swift; sourceTree = "<group>"; };
		40D67664292ACBD6001B3183 /* PostArrayObject.swift */ = {isa = PBXFileReference; lastKnownFileType = sourcecode.swift; path = PostArrayObject.swift; sourceTree = "<group>"; };
/* End PBXFileReference section */

/* Begin PBXFrameworksBuildPhase section */
		40D67641292AAFD8001B3183 /* Frameworks */ = {
			isa = PBXFrameworksBuildPhase;
			buildActionMask = 2147483647;
			files = (
			);
			runOnlyForDeploymentPostprocessing = 0;
		};
/* End PBXFrameworksBuildPhase section */

/* Begin PBXGroup section */
		40D6763B292AAFD8001B3183 = {
			isa = PBXGroup;
			children = (
				40D67646292AAFD8001B3183 /* iGram */,
				40D67645292AAFD8001B3183 /* Products */,
			);
			sourceTree = "<group>";
		};
		40D67645292AAFD8001B3183 /* Products */ = {
			isa = PBXGroup;
			children = (
				40D67644292AAFD8001B3183 /* iGram.app */,
			);
			name = Products;
			sourceTree = "<group>";
		};
		40D67646292AAFD8001B3183 /* iGram */ = {
			isa = PBXGroup;
			children = (
				4018A7122933FA8600A2573B /* Info.plist */,
				40D67661292AC718001B3183 /* Model */,
				40D6765A292ABC96001B3183 /* Helpers */,
				40D67657292ABA17001B3183 /* Views */,
				40D6764B292AAFD9001B3183 /* Assets.xcassets */,
				40D6764D292AAFD9001B3183 /* Preview Content */,
				40D67655292AB6AB001B3183 /* LaunchScreen.storyboard */,
			);
			path = iGram;
			sourceTree = "<group>";
		};
		40D6764D292AAFD9001B3183 /* Preview Content */ = {
			isa = PBXGroup;
			children = (
				40D6764E292AAFD9001B3183 /* Preview Assets.xcassets */,
			);
			path = "Preview Content";
			sourceTree = "<group>";
		};
		40D67657292ABA17001B3183 /* Views */ = {
			isa = PBXGroup;
			children = (
				40D67659292ABA2C001B3183 /* Subview */,
				40D67658292ABA26001B3183 /* Screens */,
			);
			path = Views;
			sourceTree = "<group>";
		};
		40D67658292ABA26001B3183 /* Screens */ = {
			isa = PBXGroup;
			children = (
				40D67647292AAFD8001B3183 /* iGramApp.swift */,
				40D67649292AAFD8001B3183 /* ContentView.swift */,
				40D6765D292AC15D001B3183 /* FeedView.swift */,
				40108C7E292D7CE300DE640D /* CommentsView.swift */,
				40108C84292D8A5A00DE640D /* BrowseView.swift */,
				4018A70E2933C60F00A2573B /* UploadView.swift */,
				4018A7132933FF2700A2573B /* PostImageView.swift */,
				4018A7152934091700A2573B /* ProfileView.swift */,
				40124D3C293680E800269DDF /* SettingsView.swift */,
				40124D4229368F9C00269DDF /* SettingsEditTextView.swift */,
				40124D442936955600269DDF /* SettingsEditImageView.swift */,
				40124D4629369DC900269DDF /* SignUpView.swift */,
				40124D482936A52000269DDF /* OnboardingView.swift */,
				40124D4C2936A9D900269DDF /* OnboardingViewPart2.swift */,
			);
			path = Screens;
			sourceTree = "<group>";
		};
		40D67659292ABA2C001B3183 /* Subview */ = {
			isa = PBXGroup;
			children = (
				40D6765F292AC261001B3183 /* PostView.swift */,
				40108C80292D803300DE640D /* MessageView.swift */,
				40108C86292D8B5700DE640D /* CarouselView.swift */,
				4018A70C2933BCF200A2573B /* ImageGridView.swift */,
				4018A7102933F43B00A2573B /* ImagePicker.swift */,
				4018A71929340CB700A2573B /* ProfileHeaderView.swift */,
				40124D3E293684A300269DDF /* SettingsLabelView.swift */,
				40124D40293688AE00269DDF /* SettingsRowView.swift */,
				40124D4A2936A72B00269DDF /* SignInWithAppleButtonCustom.swift */,
				40124D4E2936AF6D00269DDF /* LikeAnimationView.swift */,
			);
			path = Subview;
			sourceTree = "<group>";
		};
		40D6765A292ABC96001B3183 /* Helpers */ = {
			isa = PBXGroup;
			children = (
				40D6765B292ABCB0001B3183 /* Extensions.swift */,
			);
			path = Helpers;
			sourceTree = "<group>";
		};
		40D67661292AC718001B3183 /* Model */ = {
			isa = PBXGroup;
			children = (
				40D67662292AC72C001B3183 /* PostModel.swift */,
				40D67664292ACBD6001B3183 /* PostArrayObject.swift */,
				40108C82292D817600DE640D /* CommentModel.swift */,
			);
			path = Model;
			sourceTree = "<group>";
		};
/* End PBXGroup section */

/* Begin PBXNativeTarget section */
		40D67643292AAFD8001B3183 /* iGram */ = {
			isa = PBXNativeTarget;
			buildConfigurationList = 40D67652292AAFD9001B3183 /* Build configuration list for PBXNativeTarget "iGram" */;
			buildPhases = (
				40D67640292AAFD8001B3183 /* Sources */,
				40D67641292AAFD8001B3183 /* Frameworks */,
				40D67642292AAFD8001B3183 /* Resources */,
			);
			buildRules = (
			);
			dependencies = (
			);
			name = iGram;
			productName = iGram;
			productReference = 40D67644292AAFD8001B3183 /* iGram.app */;
			productType = "com.apple.product-type.application";
		};
/* End PBXNativeTarget section */

/* Begin PBXProject section */
		40D6763C292AAFD8001B3183 /* Project object */ = {
			isa = PBXProject;
			attributes = {
				BuildIndependentTargetsInParallel = 1;
				LastSwiftUpdateCheck = 1400;
				LastUpgradeCheck = 1400;
				TargetAttributes = {
					40D67643292AAFD8001B3183 = {
						CreatedOnToolsVersion = 14.0.1;
					};
				};
			};
			buildConfigurationList = 40D6763F292AAFD8001B3183 /* Build configuration list for PBXProject "iGram" */;
			compatibilityVersion = "Xcode 14.0";
			developmentRegion = en;
			hasScannedForEncodings = 0;
			knownRegions = (
				en,
				Base,
			);
			mainGroup = 40D6763B292AAFD8001B3183;
			productRefGroup = 40D67645292AAFD8001B3183 /* Products */;
			projectDirPath = "";
			projectRoot = "";
			targets = (
				40D67643292AAFD8001B3183 /* iGram */,
			);
		};
/* End PBXProject section */

/* Begin PBXResourcesBuildPhase section */
		40D67642292AAFD8001B3183 /* Resources */ = {
			isa = PBXResourcesBuildPhase;
			buildActionMask = 2147483647;
			files = (
				40D67656292AB6AB001B3183 /* LaunchScreen.storyboard in Resources */,
				40D6764F292AAFD9001B3183 /* Preview Assets.xcassets in Resources */,
				40D6764C292AAFD9001B3183 /* Assets.xcassets in Resources */,
			);
			runOnlyForDeploymentPostprocessing = 0;
		};
/* End PBXResourcesBuildPhase section */

/* Begin PBXSourcesBuildPhase section */
		40D67640292AAFD8001B3183 /* Sources */ = {
			isa = PBXSourcesBuildPhase;
			buildActionMask = 2147483647;
			files = (
				40D6765E292AC15D001B3183 /* FeedView.swift in Sources */,
				40124D4B2936A72B00269DDF /* SignInWithAppleButtonCustom.swift in Sources */,
				40D67663292AC72C001B3183 /* PostModel.swift in Sources */,
				40124D3F293684A300269DDF /* SettingsLabelView.swift in Sources */,
				4018A7142933FF2700A2573B /* PostImageView.swift in Sources */,
				40124D4729369DC900269DDF /* SignUpView.swift in Sources */,
				40D6764A292AAFD8001B3183 /* ContentView.swift in Sources */,
				40108C81292D803300DE640D /* MessageView.swift in Sources */,
				40D6765C292ABCB0001B3183 /* Extensions.swift in Sources */,
				40D67665292ACBD6001B3183 /* PostArrayObject.swift in Sources */,
				4018A70D2933BCF200A2573B /* ImageGridView.swift in Sources */,
				40D67660292AC261001B3183 /* PostView.swift in Sources */,
				4018A7162934091700A2573B /* ProfileView.swift in Sources */,
				40108C85292D8A5A00DE640D /* BrowseView.swift in Sources */,
				40124D4F2936AF6D00269DDF /* LikeAnimationView.swift in Sources */,
				40108C83292D817600DE640D /* CommentModel.swift in Sources */,
				40124D452936955600269DDF /* SettingsEditImageView.swift in Sources */,
				40108C7F292D7CE300DE640D /* CommentsView.swift in Sources */,
				4018A71A29340CB700A2573B /* ProfileHeaderView.swift in Sources */,
				4018A70F2933C60F00A2573B /* UploadView.swift in Sources */,
				40124D492936A52000269DDF /* OnboardingView.swift in Sources */,
				4018A7112933F43B00A2573B /* ImagePicker.swift in Sources */,
				40108C87292D8B5700DE640D /* CarouselView.swift in Sources */,
				40D67648292AAFD8001B3183 /* iGramApp.swift in Sources */,
				40124D3D293680E800269DDF /* SettingsView.swift in Sources */,
				40124D4329368F9C00269DDF /* SettingsEditTextView.swift in Sources */,
				40124D4D2936A9D900269DDF /* OnboardingViewPart2.swift in Sources */,
				40124D41293688AE00269DDF /* SettingsRowView.swift in Sources */,
			);
			runOnlyForDeploymentPostprocessing = 0;
		};
/* End PBXSourcesBuildPhase section */

/* Begin XCBuildConfiguration section */
		40D67650292AAFD9001B3183 /* Debug */ = {
			isa = XCBuildConfiguration;
			buildSettings = {
				ALWAYS_SEARCH_USER_PATHS = NO;
				CLANG_ANALYZER_NONNULL = YES;
				CLANG_ANALYZER_NUMBER_OBJECT_CONVERSION = YES_AGGRESSIVE;
				CLANG_CXX_LANGUAGE_STANDARD = "gnu++20";
				CLANG_ENABLE_MODULES = YES;
				CLANG_ENABLE_OBJC_ARC = YES;
				CLANG_ENABLE_OBJC_WEAK = YES;
				CLANG_WARN_BLOCK_CAPTURE_AUTORELEASING = YES;
				CLANG_WARN_BOOL_CONVERSION = YES;
				CLANG_WARN_COMMA = YES;
				CLANG_WARN_CONSTANT_CONVERSION = YES;
				CLANG_WARN_DEPRECATED_OBJC_IMPLEMENTATIONS = YES;
				CLANG_WARN_DIRECT_OBJC_ISA_USAGE = YES_ERROR;
				CLANG_WARN_DOCUMENTATION_COMMENTS = YES;
				CLANG_WARN_EMPTY_BODY = YES;
				CLANG_WARN_ENUM_CONVERSION = YES;
				CLANG_WARN_INFINITE_RECURSION = YES;
				CLANG_WARN_INT_CONVERSION = YES;
				CLANG_WARN_NON_LITERAL_NULL_CONVERSION = YES;
				CLANG_WARN_OBJC_IMPLICIT_RETAIN_SELF = YES;
				CLANG_WARN_OBJC_LITERAL_CONVERSION = YES;
				CLANG_WARN_OBJC_ROOT_CLASS = YES_ERROR;
				CLANG_WARN_QUOTED_INCLUDE_IN_FRAMEWORK_HEADER = YES;
				CLANG_WARN_RANGE_LOOP_ANALYSIS = YES;
				CLANG_WARN_STRICT_PROTOTYPES = YES;
				CLANG_WARN_SUSPICIOUS_MOVE = YES;
				CLANG_WARN_UNGUARDED_AVAILABILITY = YES_AGGRESSIVE;
				CLANG_WARN_UNREACHABLE_CODE = YES;
				CLANG_WARN__DUPLICATE_METHOD_MATCH = YES;
				COPY_PHASE_STRIP = NO;
				DEBUG_INFORMATION_FORMAT = dwarf;
				ENABLE_STRICT_OBJC_MSGSEND = YES;
				ENABLE_TESTABILITY = YES;
				GCC_C_LANGUAGE_STANDARD = gnu11;
				GCC_DYNAMIC_NO_PIC = NO;
				GCC_NO_COMMON_BLOCKS = YES;
				GCC_OPTIMIZATION_LEVEL = 0;
				GCC_PREPROCESSOR_DEFINITIONS = (
					"DEBUG=1",
					"$(inherited)",
				);
				GCC_WARN_64_TO_32_BIT_CONVERSION = YES;
				GCC_WARN_ABOUT_RETURN_TYPE = YES_ERROR;
				GCC_WARN_UNDECLARED_SELECTOR = YES;
				GCC_WARN_UNINITIALIZED_AUTOS = YES_AGGRESSIVE;
				GCC_WARN_UNUSED_FUNCTION = YES;
				GCC_WARN_UNUSED_VARIABLE = YES;
				IPHONEOS_DEPLOYMENT_TARGET = 14.0;
				MTL_ENABLE_DEBUG_INFO = INCLUDE_SOURCE;
				MTL_FAST_MATH = YES;
				ONLY_ACTIVE_ARCH = YES;
				SDKROOT = iphoneos;
				SWIFT_ACTIVE_COMPILATION_CONDITIONS = DEBUG;
				SWIFT_OPTIMIZATION_LEVEL = "-Onone";
			};
			name = Debug;
		};
		40D67651292AAFD9001B3183 /* Release */ = {
			isa = XCBuildConfiguration;
			buildSettings = {
				ALWAYS_SEARCH_USER_PATHS = NO;
				CLANG_ANALYZER_NONNULL = YES;
				CLANG_ANALYZER_NUMBER_OBJECT_CONVERSION = YES_AGGRESSIVE;
				CLANG_CXX_LANGUAGE_STANDARD = "gnu++20";
				CLANG_ENABLE_MODULES = YES;
				CLANG_ENABLE_OBJC_ARC = YES;
				CLANG_ENABLE_OBJC_WEAK = YES;
				CLANG_WARN_BLOCK_CAPTURE_AUTORELEASING = YES;
				CLANG_WARN_BOOL_CONVERSION = YES;
				CLANG_WARN_COMMA = YES;
				CLANG_WARN_CONSTANT_CONVERSION = YES;
				CLANG_WARN_DEPRECATED_OBJC_IMPLEMENTATIONS = YES;
				CLANG_WARN_DIRECT_OBJC_ISA_USAGE = YES_ERROR;
				CLANG_WARN_DOCUMENTATION_COMMENTS = YES;
				CLANG_WARN_EMPTY_BODY = YES;
				CLANG_WARN_ENUM_CONVERSION = YES;
				CLANG_WARN_INFINITE_RECURSION = YES;
				CLANG_WARN_INT_CONVERSION = YES;
				CLANG_WARN_NON_LITERAL_NULL_CONVERSION = YES;
				CLANG_WARN_OBJC_IMPLICIT_RETAIN_SELF = YES;
				CLANG_WARN_OBJC_LITERAL_CONVERSION = YES;
				CLANG_WARN_OBJC_ROOT_CLASS = YES_ERROR;
				CLANG_WARN_QUOTED_INCLUDE_IN_FRAMEWORK_HEADER = YES;
				CLANG_WARN_RANGE_LOOP_ANALYSIS = YES;
				CLANG_WARN_STRICT_PROTOTYPES = YES;
				CLANG_WARN_SUSPICIOUS_MOVE = YES;
				CLANG_WARN_UNGUARDED_AVAILABILITY = YES_AGGRESSIVE;
				CLANG_WARN_UNREACHABLE_CODE = YES;
				CLANG_WARN__DUPLICATE_METHOD_MATCH = YES;
				COPY_PHASE_STRIP = NO;
				DEBUG_INFORMATION_FORMAT = "dwarf-with-dsym";
				ENABLE_NS_ASSERTIONS = NO;
				ENABLE_STRICT_OBJC_MSGSEND = YES;
				GCC_C_LANGUAGE_STANDARD = gnu11;
				GCC_NO_COMMON_BLOCKS = YES;
				GCC_WARN_64_TO_32_BIT_CONVERSION = YES;
				GCC_WARN_ABOUT_RETURN_TYPE = YES_ERROR;
				GCC_WARN_UNDECLARED_SELECTOR = YES;
				GCC_WARN_UNINITIALIZED_AUTOS = YES_AGGRESSIVE;
				GCC_WARN_UNUSED_FUNCTION = YES;
				GCC_WARN_UNUSED_VARIABLE = YES;
				IPHONEOS_DEPLOYMENT_TARGET = 14.0;
				MTL_ENABLE_DEBUG_INFO = NO;
				MTL_FAST_MATH = YES;
				SDKROOT = iphoneos;
				SWIFT_COMPILATION_MODE = wholemodule;
				SWIFT_OPTIMIZATION_LEVEL = "-O";
				VALIDATE_PRODUCT = YES;
			};
			name = Release;
		};
		40D67653292AAFD9001B3183 /* Debug */ = {
			isa = XCBuildConfiguration;
			buildSettings = {
				ASSETCATALOG_COMPILER_APPICON_NAME = AppIcon;
				ASSETCATALOG_COMPILER_GLOBAL_ACCENT_COLOR_NAME = AccentColor;
				CODE_SIGN_STYLE = Automatic;
				CURRENT_PROJECT_VERSION = 1;
				DEVELOPMENT_ASSET_PATHS = "\"iGram/Preview Content\"";
				DEVELOPMENT_TEAM = XA4XDJAY3N;
				ENABLE_PREVIEWS = YES;
				GENERATE_INFOPLIST_FILE = YES;
				INFOPLIST_FILE = iGram/Info.plist;
				INFOPLIST_KEY_CFBundleDisplayName = iGram;
				INFOPLIST_KEY_LSApplicationCategoryType = "public.app-category.social-networking";
				INFOPLIST_KEY_NSCameraUsageDescription = "This app uses the camera at the user's request to take a photo.";
				INFOPLIST_KEY_NSPhotoLibraryUsageDescription = "This allows the app to acess the photo library to import or save a photo at the user's request.";
				INFOPLIST_KEY_UIApplicationSceneManifest_Generation = YES;
				INFOPLIST_KEY_UIApplicationSupportsIndirectInputEvents = YES;
				INFOPLIST_KEY_UILaunchScreen_Generation = YES;
				INFOPLIST_KEY_UILaunchStoryboardName = LaunchScreen.storyboard;
				INFOPLIST_KEY_UISupportedInterfaceOrientations = UIInterfaceOrientationPortrait;
				INFOPLIST_KEY_UISupportedInterfaceOrientations_iPad = "UIInterfaceOrientationLandscapeLeft UIInterfaceOrientationLandscapeRight UIInterfaceOrientationPortrait UIInterfaceOrientationPortraitUpsideDown";
				IPHONEOS_DEPLOYMENT_TARGET = 14.0;
				LD_RUNPATH_SEARCH_PATHS = (
					"$(inherited)",
					"@executable_path/Frameworks",
				);
				MARKETING_VERSION = 1.0;
				PRODUCT_BUNDLE_IDENTIFIER = com.iGram;
				PRODUCT_NAME = "$(TARGET_NAME)";
				SUPPORTED_PLATFORMS = "iphoneos iphonesimulator";
				SUPPORTS_MACCATALYST = NO;
				SUPPORTS_MAC_DESIGNED_FOR_IPHONE_IPAD = NO;
				SWIFT_EMIT_LOC_STRINGS = YES;
				SWIFT_VERSION = 5.0;
				TARGETED_DEVICE_FAMILY = 1;
			};
			name = Debug;
		};
		40D67654292AAFD9001B3183 /* Release */ = {
			isa = XCBuildConfiguration;
			buildSettings = {
				ASSETCATALOG_COMPILER_APPICON_NAME = AppIcon;
				ASSETCATALOG_COMPILER_GLOBAL_ACCENT_COLOR_NAME = AccentColor;
				CODE_SIGN_STYLE = Automatic;
				CURRENT_PROJECT_VERSION = 1;
				DEVELOPMENT_ASSET_PATHS = "\"iGram/Preview Content\"";
				DEVELOPMENT_TEAM = XA4XDJAY3N;
				ENABLE_PREVIEWS = YES;
				GENERATE_INFOPLIST_FILE = YES;
				INFOPLIST_FILE = iGram/Info.plist;
				INFOPLIST_KEY_CFBundleDisplayName = iGram;
				INFOPLIST_KEY_LSApplicationCategoryType = "public.app-category.social-networking";
				INFOPLIST_KEY_NSCameraUsageDescription = "This app uses the camera at the user's request to take a photo.";
				INFOPLIST_KEY_NSPhotoLibraryUsageDescription = "This allows the app to acess the photo library to import or save a photo at the user's request.";
				INFOPLIST_KEY_UIApplicationSceneManifest_Generation = YES;
				INFOPLIST_KEY_UIApplicationSupportsIndirectInputEvents = YES;
				INFOPLIST_KEY_UILaunchScreen_Generation = YES;
				INFOPLIST_KEY_UILaunchStoryboardName = LaunchScreen.storyboard;
				INFOPLIST_KEY_UISupportedInterfaceOrientations = UIInterfaceOrientationPortrait;
				INFOPLIST_KEY_UISupportedInterfaceOrientations_iPad = "UIInterfaceOrientationLandscapeLeft UIInterfaceOrientationLandscapeRight UIInterfaceOrientationPortrait UIInterfaceOrientationPortraitUpsideDown";
				IPHONEOS_DEPLOYMENT_TARGET = 14.0;
				LD_RUNPATH_SEARCH_PATHS = (
					"$(inherited)",
					"@executable_path/Frameworks",
				);
				MARKETING_VERSION = 1.0;
				PRODUCT_BUNDLE_IDENTIFIER = com.iGram;
				PRODUCT_NAME = "$(TARGET_NAME)";
				SUPPORTED_PLATFORMS = "iphoneos iphonesimulator";
				SUPPORTS_MACCATALYST = NO;
				SUPPORTS_MAC_DESIGNED_FOR_IPHONE_IPAD = NO;
				SWIFT_EMIT_LOC_STRINGS = YES;
				SWIFT_VERSION = 5.0;
				TARGETED_DEVICE_FAMILY = 1;
			};
			name = Release;
		};
/* End XCBuildConfiguration section */

/* Begin XCConfigurationList section */
		40D6763F292AAFD8001B3183 /* Build configuration list for PBXProject "iGram" */ = {
			isa = XCConfigurationList;
			buildConfigurations = (
				40D67650292AAFD9001B3183 /* Debug */,
				40D67651292AAFD9001B3183 /* Release */,
			);
			defaultConfigurationIsVisible = 0;
			defaultConfigurationName = Debug;
		};
		40D67652292AAFD9001B3183 /* Build configuration list for PBXNativeTarget "iGram" */ = {
			isa = XCConfigurationList;
			buildConfigurations = (
				40D67653292AAFD9001B3183 /* Debug */,
				40D67654292AAFD9001B3183 /* Release */,
			);
			defaultConfigurationIsVisible = 0;
			defaultConfigurationName = Debug;
		};
/* End XCConfigurationList section */
	};
	rootObject = 40D6763C292AAFD8001B3183 /* Project object */;
}
